
Microsoft Visual Studio Solution File, Format Version 12.00
# Visual Studio Version 16
VisualStudioVersion = 16.0.34729.46
MinimumVisualStudioVersion = 10.0.40219.1
Project("{FAE04EC0-301F-11D3-BF4B-00C04F79EFBC}") = "back-end", "back-end\back-end.csproj", "{A0CC4C5D-C41B-4CBD-8260-687C42887094}"
EndProject
Global
	GlobalSection(SolutionConfigurationPlatforms) = preSolution
		Debug|Any CPU = Debug|Any CPU
		Release|Any CPU = Release|Any CPU
	EndGlobalSection
	GlobalSection(ProjectConfigurationPlatforms) = postSolution
		{A0CC4C5D-C41B-4CBD-8260-687C42887094}.Debug|Any CPU.ActiveCfg = Debug|Any CPU
		{A0CC4C5D-C41B-4CBD-8260-687C42887094}.Debug|Any CPU.Build.0 = Debug|Any CPU
		{A0CC4C5D-C41B-4CBD-8260-687C42887094}.Release|Any CPU.ActiveCfg = Release|Any CPU
		{A0CC4C5D-C41B-4CBD-8260-687C42887094}.Release|Any CPU.Build.0 = Release|Any CPU
	EndGlobalSection
	GlobalSection(SolutionProperties) = preSolution
		HideSolutionNode = FALSE
	EndGlobalSection
	GlobalSection(ExtensibilityGlobals) = postSolution
		SolutionGuid = {14EE98FB-8071-41B0-BE66-35B820DDD170}
	EndGlobalSection
EndGlobal
